
Microsoft Visual Studio Solution File, Format Version 12.00
# Visual Studio Version 16
VisualStudioVersion = 16.0.31613.86
MinimumVisualStudioVersion = 10.0.40219.1
Project("{FAE04EC0-301F-11D3-BF4B-00C04F79EFBC}") = "NoelByEsnParis", "NoelByEsnParis\NoelByEsnParis.csproj", "{52843517-D7A8-4AED-AB4C-78D072C15B05}"
EndProject
Global
	GlobalSection(SolutionConfigurationPlatforms) = preSolution
		Debug|Any CPU = Debug|Any CPU
		Release|Any CPU = Release|Any CPU
	EndGlobalSection
	GlobalSection(ProjectConfigurationPlatforms) = postSolution
		{52843517-D7A8-4AED-AB4C-78D072C15B05}.Debug|Any CPU.ActiveCfg = Debug|Any CPU
		{52843517-D7A8-4AED-AB4C-78D072C15B05}.Debug|Any CPU.Build.0 = Debug|Any CPU
		{52843517-D7A8-4AED-AB4C-78D072C15B05}.Release|Any CPU.ActiveCfg = Release|Any CPU
		{52843517-D7A8-4AED-AB4C-78D072C15B05}.Release|Any CPU.Build.0 = Release|Any CPU
	EndGlobalSection
	GlobalSection(SolutionProperties) = preSolution
		HideSolutionNode = FALSE
	EndGlobalSection
	GlobalSection(ExtensibilityGlobals) = postSolution
		SolutionGuid = {F85F831D-AC72-4B99-BFBF-E0AF5D5775D3}
	EndGlobalSection
EndGlobal
