
Microsoft Visual Studio Solution File, Format Version 12.00
# Visual Studio Version 16
VisualStudioVersion = 16.0.31613.86
MinimumVisualStudioVersion = 10.0.40219.1
Project("{FAE04EC0-301F-11D3-BF4B-00C04F79EFBC}") = "WebBlazor", "WebBlazor\WebBlazor.csproj", "{EC706A9A-525A-4707-A3C0-0ECA64EC0895}"
EndProject
Global
	GlobalSection(SolutionConfigurationPlatforms) = preSolution
		Debug|Any CPU = Debug|Any CPU
		Release|Any CPU = Release|Any CPU
	EndGlobalSection
	GlobalSection(ProjectConfigurationPlatforms) = postSolution
		{EC706A9A-525A-4707-A3C0-0ECA64EC0895}.Debug|Any CPU.ActiveCfg = Debug|Any CPU
		{EC706A9A-525A-4707-A3C0-0ECA64EC0895}.Debug|Any CPU.Build.0 = Debug|Any CPU
		{EC706A9A-525A-4707-A3C0-0ECA64EC0895}.Release|Any CPU.ActiveCfg = Release|Any CPU
		{EC706A9A-525A-4707-A3C0-0ECA64EC0895}.Release|Any CPU.Build.0 = Release|Any CPU
	EndGlobalSection
	GlobalSection(SolutionProperties) = preSolution
		HideSolutionNode = FALSE
	EndGlobalSection
	GlobalSection(ExtensibilityGlobals) = postSolution
		SolutionGuid = {66590145-ECC7-4816-BD97-350FC6AA8411}
	EndGlobalSection
EndGlobal
